// !$*UTF8*$!
{
	archiveVersion = 1;
	classes = {
	};
	objectVersion = 46;
	objects = {

/* Begin PBXBuildFile section */
		634BEAD31CFDFC05004B80BB /* AppDelegate.swift in Sources */ = {isa = PBXBuildFile; fileRef = 634BEAD21CFDFC05004B80BB /* AppDelegate.swift */; };
		634BEAD51CFDFC05004B80BB /* ViewController.swift in Sources */ = {isa = PBXBuildFile; fileRef = 634BEAD41CFDFC05004B80BB /* ViewController.swift */; };
		634BEAD81CFDFC05004B80BB /* Main.storyboard in Resources */ = {isa = PBXBuildFile; fileRef = 634BEAD61CFDFC05004B80BB /* Main.storyboard */; };
		634BEADA1CFDFC05004B80BB /* Assets.xcassets in Resources */ = {isa = PBXBuildFile; fileRef = 634BEAD91CFDFC05004B80BB /* Assets.xcassets */; };
		634BEADD1CFDFC05004B80BB /* LaunchScreen.storyboard in Resources */ = {isa = PBXBuildFile; fileRef = 634BEADB1CFDFC05004B80BB /* LaunchScreen.storyboard */; };
		634BEAE51CFDFC16004B80BB /* Person.swift in Sources */ = {isa = PBXBuildFile; fileRef = 634BEAE41CFDFC16004B80BB /* Person.swift */; };
/* End PBXBuildFile section */

/* Begin PBXFileReference section */
		634BEACF1CFDFC05004B80BB /* Notifications.app */ = {isa = PBXFileReference; explicitFileType = wrapper.application; includeInIndex = 0; path = Notifications.app; sourceTree = BUILT_PRODUCTS_DIR; };
		634BEAD21CFDFC05004B80BB /* AppDelegate.swift */ = {isa = PBXFileReference; lastKnownFileType = sourcecode.swift; path = AppDelegate.swift; sourceTree = "<group>"; };
		634BEAD41CFDFC05004B80BB /* ViewController.swift */ = {isa = PBXFileReference; lastKnownFileType = sourcecode.swift; path = ViewController.swift; sourceTree = "<group>"; };
		634BEAD71CFDFC05004B80BB /* Base */ = {isa = PBXFileReference; lastKnownFileType = file.storyboard; name = Base; path = Base.lproj/Main.storyboard; sourceTree = "<group>"; };
		634BEAD91CFDFC05004B80BB /* Assets.xcassets */ = {isa = PBXFileReference; lastKnownFileType = folder.assetcatalog; path = Assets.xcassets; sourceTree = "<group>"; };
		634BEADC1CFDFC05004B80BB /* Base */ = {isa = PBXFileReference; lastKnownFileType = file.storyboard; name = Base; path = Base.lproj/LaunchScreen.storyboard; sourceTree = "<group>"; };
		634BEADE1CFDFC05004B80BB /* Info.plist */ = {isa = PBXFileReference; lastKnownFileType = text.plist.xml; path = Info.plist; sourceTree = "<group>"; };
		634BEAE41CFDFC16004B80BB /* Person.swift */ = {isa = PBXFileReference; fileEncoding = 4; lastKnownFileType = sourcecode.swift; path = Person.swift; sourceTree = "<group>"; };
/* End PBXFileReference section */

/* Begin PBXFrameworksBuildPhase section */
		634BEACC1CFDFC05004B80BB /* Frameworks */ = {
			isa = PBXFrameworksBuildPhase;
			buildActionMask = 2147483647;
			files = (
			);
			runOnlyForDeploymentPostprocessing = 0;
		};
/* End PBXFrameworksBuildPhase section */

/* Begin PBXGroup section */
		634BEAC61CFDFC05004B80BB = {
			isa = PBXGroup;
			children = (
				634BEAD11CFDFC05004B80BB /* Notifications */,
				634BEAD01CFDFC05004B80BB /* Products */,
			);
			sourceTree = "<group>";
		};
		634BEAD01CFDFC05004B80BB /* Products */ = {
			isa = PBXGroup;
			children = (
				634BEACF1CFDFC05004B80BB /* Notifications.app */,
			);
			name = Products;
			sourceTree = "<group>";
		};
		634BEAD11CFDFC05004B80BB /* Notifications */ = {
			isa = PBXGroup;
			children = (
				634BEAD21CFDFC05004B80BB /* AppDelegate.swift */,
				634BEAD41CFDFC05004B80BB /* ViewController.swift */,
				634BEAE41CFDFC16004B80BB /* Person.swift */,
				634BEAD61CFDFC05004B80BB /* Main.storyboard */,
				634BEAD91CFDFC05004B80BB /* Assets.xcassets */,
				634BEADB1CFDFC05004B80BB /* LaunchScreen.storyboard */,
				634BEADE1CFDFC05004B80BB /* Info.plist */,
			);
			path = Notifications;
			sourceTree = "<group>";
		};
/* End PBXGroup section */

/* Begin PBXNativeTarget section */
		634BEACE1CFDFC05004B80BB /* Notifications */ = {
			isa = PBXNativeTarget;
			buildConfigurationList = 634BEAE11CFDFC05004B80BB /* Build configuration list for PBXNativeTarget "Notifications" */;
			buildPhases = (
				634BEACB1CFDFC05004B80BB /* Sources */,
				634BEACC1CFDFC05004B80BB /* Frameworks */,
				634BEACD1CFDFC05004B80BB /* Resources */,
			);
			buildRules = (
			);
			dependencies = (
			);
			name = Notifications;
			productName = Notifications;
			productReference = 634BEACF1CFDFC05004B80BB /* Notifications.app */;
			productType = "com.apple.product-type.application";
		};
/* End PBXNativeTarget section */

/* Begin PBXProject section */
		634BEAC71CFDFC05004B80BB /* Project object */ = {
			isa = PBXProject;
			attributes = {
				LastSwiftUpdateCheck = 0730;
				LastUpgradeCheck = 0730;
				ORGANIZATIONNAME = "Chad Zeluff";
				TargetAttributes = {
					634BEACE1CFDFC05004B80BB = {
						CreatedOnToolsVersion = 7.3.1;
					};
				};
			};
			buildConfigurationList = 634BEACA1CFDFC05004B80BB /* Build configuration list for PBXProject "Notifications" */;
			compatibilityVersion = "Xcode 3.2";
			developmentRegion = English;
			hasScannedForEncodings = 0;
			knownRegions = (
				en,
				Base,
			);
			mainGroup = 634BEAC61CFDFC05004B80BB;
			productRefGroup = 634BEAD01CFDFC05004B80BB /* Products */;
			projectDirPath = "";
			projectRoot = "";
			targets = (
				634BEACE1CFDFC05004B80BB /* Notifications */,
			);
		};
/* End PBXProject section */

/* Begin PBXResourcesBuildPhase section */
		634BEACD1CFDFC05004B80BB /* Resources */ = {
			isa = PBXResourcesBuildPhase;
			buildActionMask = 2147483647;
			files = (
				634BEADD1CFDFC05004B80BB /* LaunchScreen.storyboard in Resources */,
				634BEADA1CFDFC05004B80BB /* Assets.xcassets in Resources */,
				634BEAD81CFDFC05004B80BB /* Main.storyboard in Resources */,
			);
			runOnlyForDeploymentPostprocessing = 0;
		};
/* End PBXResourcesBuildPhase section */

/* Begin PBXSourcesBuildPhase section */
		634BEACB1CFDFC05004B80BB /* Sources */ = {
			isa = PBXSourcesBuildPhase;
			buildActionMask = 2147483647;
			files = (
				634BEAE51CFDFC16004B80BB /* Person.swift in Sources */,
				634BEAD51CFDFC05004B80BB /* ViewController.swift in Sources */,
				634BEAD31CFDFC05004B80BB /* AppDelegate.swift in Sources */,
			);
			runOnlyForDeploymentPostprocessing = 0;
		};
/* End PBXSourcesBuildPhase section */

/* Begin PBXVariantGroup section */
		634BEAD61CFDFC05004B80BB /* Main.storyboard */ = {
			isa = PBXVariantGroup;
			children = (
				634BEAD71CFDFC05004B80BB /* Base */,
			);
			name = Main.storyboard;
			sourceTree = "<group>";
		};
		634BEADB1CFDFC05004B80BB /* LaunchScreen.storyboard */ = {
			isa = PBXVariantGroup;
			children = (
				634BEADC1CFDFC05004B80BB /* Base */,
			);
			name = LaunchScreen.storyboard;
			sourceTree = "<group>";
		};
/* End PBXVariantGroup section */

/* Begin XCBuildConfiguration section */
		634BEADF1CFDFC05004B80BB /* Debug */ = {
			isa = XCBuildConfiguration;
			buildSettings = {
				ALWAYS_SEARCH_USER_PATHS = NO;
				CLANG_ANALYZER_NONNULL = YES;
				CLANG_CXX_LANGUAGE_STANDARD = "gnu++0x";
				CLANG_CXX_LIBRARY = "libc++";
				CLANG_ENABLE_MODULES = YES;
				CLANG_ENABLE_OBJC_ARC = YES;
				CLANG_WARN_BOOL_CONVERSION = YES;
				CLANG_WARN_CONSTANT_CONVERSION = YES;
				CLANG_WARN_DIRECT_OBJC_ISA_USAGE = YES_ERROR;
				CLANG_WARN_EMPTY_BODY = YES;
				CLANG_WARN_ENUM_CONVERSION = YES;
				CLANG_WARN_INT_CONVERSION = YES;
				CLANG_WARN_OBJC_ROOT_CLASS = YES_ERROR;
				CLANG_WARN_UNREACHABLE_CODE = YES;
				CLANG_WARN__DUPLICATE_METHOD_MATCH = YES;
				"CODE_SIGN_IDENTITY[sdk=iphoneos*]" = "iPhone Developer";
				COPY_PHASE_STRIP = NO;
				DEBUG_INFORMATION_FORMAT = dwarf;
				ENABLE_STRICT_OBJC_MSGSEND = YES;
				ENABLE_TESTABILITY = YES;
				GCC_C_LANGUAGE_STANDARD = gnu99;
				GCC_DYNAMIC_NO_PIC = NO;
				GCC_NO_COMMON_BLOCKS = YES;
				GCC_OPTIMIZATION_LEVEL = 0;
				GCC_PREPROCESSOR_DEFINITIONS = (
					"DEBUG=1",
					"$(inherited)",
				);
				GCC_WARN_64_TO_32_BIT_CONVERSION = YES;
				GCC_WARN_ABOUT_RETURN_TYPE = YES_ERROR;
				GCC_WARN_UNDECLARED_SELECTOR = YES;
				GCC_WARN_UNINITIALIZED_AUTOS = YES_AGGRESSIVE;
				GCC_WARN_UNUSED_FUNCTION = YES;
				GCC_WARN_UNUSED_VARIABLE = YES;
				IPHONEOS_DEPLOYMENT_TARGET = 9.3;
				MTL_ENABLE_DEBUG_INFO = YES;
				ONLY_ACTIVE_ARCH = YES;
				SDKROOT = iphoneos;
				SWIFT_OPTIMIZATION_LEVEL = "-Onone";
				TARGETED_DEVICE_FAMILY = "1,2";
			};
			name = Debug;
		};
		634BEAE01CFDFC05004B80BB /* Release */ = {
			isa = XCBuildConfiguration;
			buildSettings = {
				ALWAYS_SEARCH_USER_PATHS = NO;
				CLANG_ANALYZER_NONNULL = YES;
				CLANG_CXX_LANGUAGE_STANDARD = "gnu++0x";
				CLANG_CXX_LIBRARY = "libc++";
				CLANG_ENABLE_MODULES = YES;
				CLANG_ENABLE_OBJC_ARC = YES;
				CLANG_WARN_BOOL_CONVERSION = YES;
				CLANG_WARN_CONSTANT_CONVERSION = YES;
				CLANG_WARN_DIRECT_OBJC_ISA_USAGE = YES_ERROR;
				CLANG_WARN_EMPTY_BODY = YES;
				CLANG_WARN_ENUM_CONVERSION = YES;
				CLANG_WARN_INT_CONVERSION = YES;
				CLANG_WARN_OBJC_ROOT_CLASS = YES_ERROR;
				CLANG_WARN_UNREACHABLE_CODE = YES;
				CLANG_WARN__DUPLICATE_METHOD_MATCH = YES;
				"CODE_SIGN_IDENTITY[sdk=iphoneos*]" = "iPhone Developer";
				COPY_PHASE_STRIP = NO;
				DEBUG_INFORMATION_FORMAT = "dwarf-with-dsym";
				ENABLE_NS_ASSERTIONS = NO;
				ENABLE_STRICT_OBJC_MSGSEND = YES;
				GCC_C_LANGUAGE_STANDARD = gnu99;
				GCC_NO_COMMON_BLOCKS = YES;
				GCC_WARN_64_TO_32_BIT_CONVERSION = YES;
				GCC_WARN_ABOUT_RETURN_TYPE = YES_ERROR;
				GCC_WARN_UNDECLARED_SELECTOR = YES;
				GCC_WARN_UNINITIALIZED_AUTOS = YES_AGGRESSIVE;
				GCC_WARN_UNUSED_FUNCTION = YES;
				GCC_WARN_UNUSED_VARIABLE = YES;
				IPHONEOS_DEPLOYMENT_TARGET = 9.3;
				MTL_ENABLE_DEBUG_INFO = NO;
				SDKROOT = iphoneos;
				TARGETED_DEVICE_FAMILY = "1,2";
				VALIDATE_PRODUCT = YES;
			};
			name = Release;
		};
		634BEAE21CFDFC05004B80BB /* Debug */ = {
			isa = XCBuildConfiguration;
			buildSettings = {
				ASSETCATALOG_COMPILER_APPICON_NAME = AppIcon;
				INFOPLIST_FILE = Notifications/Info.plist;
				LD_RUNPATH_SEARCH_PATHS = "$(inherited) @executable_path/Frameworks";
				PRODUCT_BUNDLE_IDENTIFIER = com.enderlabs.Notifications;
				PRODUCT_NAME = "$(TARGET_NAME)";
			};
			name = Debug;
		};
		634BEAE31CFDFC05004B80BB /* Release */ = {
			isa = XCBuildConfiguration;
			buildSettings = {
				ASSETCATALOG_COMPILER_APPICON_NAME = AppIcon;
				INFOPLIST_FILE = Notifications/Info.plist;
				LD_RUNPATH_SEARCH_PATHS = "$(inherited) @executable_path/Frameworks";
				PRODUCT_BUNDLE_IDENTIFIER = com.enderlabs.Notifications;
				PRODUCT_NAME = "$(TARGET_NAME)";
			};
			name = Release;
		};
/* End XCBuildConfiguration section */

/* Begin XCConfigurationList section */
		634BEACA1CFDFC05004B80BB /* Build configuration list for PBXProject "Notifications" */ = {
			isa = XCConfigurationList;
			buildConfigurations = (
				634BEADF1CFDFC05004B80BB /* Debug */,
				634BEAE01CFDFC05004B80BB /* Release */,
			);
			defaultConfigurationIsVisible = 0;
			defaultConfigurationName = Release;
		};
		634BEAE11CFDFC05004B80BB /* Build configuration list for PBXNativeTarget "Notifications" */ = {
			isa = XCConfigurationList;
			buildConfigurations = (
				634BEAE21CFDFC05004B80BB /* Debug */,
				634BEAE31CFDFC05004B80BB /* Release */,
			);
			defaultConfigurationIsVisible = 0;
		};
/* End XCConfigurationList section */
	};
	rootObject = 634BEAC71CFDFC05004B80BB /* Project object */;
}
